
Microsoft Visual Studio Solution File, Format Version 10.00
# Visual Studio 2008
Project("{FAE04EC0-301F-11D3-BF4B-00C04F79EFBC}") = "TPCCBench", "TPCCBench.csproj", "{5ED13CE4-1A6B-405C-9966-5E896E3B0D51}"
EndProject
Global
	GlobalSection(SolutionConfigurationPlatforms) = preSolution
		Debug|Any CPU = Debug|Any CPU
		Release|Any CPU = Release|Any CPU
	EndGlobalSection
	GlobalSection(ProjectConfigurationPlatforms) = postSolution
		{5ED13CE4-1A6B-405C-9966-5E896E3B0D51}.Debug|Any CPU.ActiveCfg = Debug|Any CPU
		{5ED13CE4-1A6B-405C-9966-5E896E3B0D51}.Debug|Any CPU.Build.0 = Debug|Any CPU
		{5ED13CE4-1A6B-405C-9966-5E896E3B0D51}.Release|Any CPU.ActiveCfg = Release|Any CPU
		{5ED13CE4-1A6B-405C-9966-5E896E3B0D51}.Release|Any CPU.Build.0 = Release|Any CPU
	EndGlobalSection
	GlobalSection(SolutionProperties) = preSolution
		HideSolutionNode = FALSE
	EndGlobalSection
EndGlobal
